{
  "name": "agent-browser-local",
  "version": "1.0.0",
  "lockfileVersion": 3,
  "requires": true,
  "packages": {
    "": {
      "name": "agent-browser-local",
      "version": "1.0.0",
      "license": "ISC",
      "dependencies": {
        "agent-browser": "^0.21.2"
      }
    },
    "node_modules/agent-browser": {
      "version": "0.21.2",
      "resolved": "https://registry.npmjs.org/agent-browser/-/agent-browser-0.21.2.tgz",
      "integrity": "sha512-05TgoluWYRPAwUruJqFGsZVoZfoUVMpT8AT3HcA4sxSHbYsIsLkQTZmNvsmMGS3DL2I/7tu27RiqYDOPswAeMg==",
      "hasInstallScript": true,
      "license": "Apache-2.0",
      "bin": {
        "agent-browser": "bin/agent-browser.js"
      }
    }
  }
}
